
Microsoft Visual Studio Solution File, Format Version 12.00
# Visual Studio Version 16
VisualStudioVersion = 16.0.28606.126
MinimumVisualStudioVersion = 10.0.40219.1
Project("{FAE04EC0-301F-11D3-BF4B-00C04F79EFBC}") = "RCFileUpload.Server", "RCFileUpload\RCFileUpload.Server\RCFileUpload.Server.csproj", "{34DBC511-8859-4812-A23B-CCDD9022DB84}"
EndProject
Project("{FAE04EC0-301F-11D3-BF4B-00C04F79EFBC}") = "RCFileUpload.App", "RCFileUpload\RCFileUpload.App\RCFileUpload.App.csproj", "{CBC01F2A-C31F-4B77-870E-CF7B36B7E315}"
EndProject
Global
	GlobalSection(SolutionConfigurationPlatforms) = preSolution
		Debug|Any CPU = Debug|Any CPU
		Release|Any CPU = Release|Any CPU
	EndGlobalSection
	GlobalSection(ProjectConfigurationPlatforms) = postSolution
		{34DBC511-8859-4812-A23B-CCDD9022DB84}.Debug|Any CPU.ActiveCfg = Debug|Any CPU
		{34DBC511-8859-4812-A23B-CCDD9022DB84}.Debug|Any CPU.Build.0 = Debug|Any CPU
		{34DBC511-8859-4812-A23B-CCDD9022DB84}.Release|Any CPU.ActiveCfg = Release|Any CPU
		{34DBC511-8859-4812-A23B-CCDD9022DB84}.Release|Any CPU.Build.0 = Release|Any CPU
		{CBC01F2A-C31F-4B77-870E-CF7B36B7E315}.Debug|Any CPU.ActiveCfg = Debug|Any CPU
		{CBC01F2A-C31F-4B77-870E-CF7B36B7E315}.Debug|Any CPU.Build.0 = Debug|Any CPU
		{CBC01F2A-C31F-4B77-870E-CF7B36B7E315}.Release|Any CPU.ActiveCfg = Release|Any CPU
		{CBC01F2A-C31F-4B77-870E-CF7B36B7E315}.Release|Any CPU.Build.0 = Release|Any CPU
	EndGlobalSection
	GlobalSection(SolutionProperties) = preSolution
		HideSolutionNode = FALSE
	EndGlobalSection
	GlobalSection(ExtensibilityGlobals) = postSolution
		SolutionGuid = {703D6B65-1A58-41B2-BFCD-6BBB899054AC}
	EndGlobalSection
EndGlobal
